
Microsoft Visual Studio Solution File, Format Version 12.00
# Visual Studio Version 16
VisualStudioVersion = 16.0.28803.202
MinimumVisualStudioVersion = 10.0.40219.1
Project("{9A19103F-16F7-4668-BE54-9A1E7A4F7556}") = "WikidataGame.Backend", "WikidataGame.Backend\WikidataGame.Backend.csproj", "{08B97C7A-2E3D-4F87-B922-2D016B87449C}"
EndProject
Project("{9A19103F-16F7-4668-BE54-9A1E7A4F7556}") = "WikidataGame.ApiClient", "WikidataGame.ApiClient\WikidataGame.ApiClient.csproj", "{18721432-242F-4FA5-BFB9-170A37BF86F0}"
EndProject
Project("{2150E333-8FDC-42A3-9474-1A3956D46DE8}") = "ApiClient", "ApiClient", "{98C7F354-FB28-404A-B861-CD7741ED3A93}"
EndProject
Project("{9A19103F-16F7-4668-BE54-9A1E7A4F7556}") = "WikidataGame.ApiClient.Sample", "WikidataGame.ApiClient.Sample\WikidataGame.ApiClient.Sample.csproj", "{F0DC3362-69AF-4132-A675-E160B0F72356}"
EndProject
Project("{FAE04EC0-301F-11D3-BF4B-00C04F79EFBC}") = "WikidataGame.Backend.Tests", "WikidataGame.Backend.Tests\WikidataGame.Backend.Tests.csproj", "{509DE7AA-0A44-46EB-8A5D-C12D79D583F0}"
EndProject
Global
	GlobalSection(SolutionConfigurationPlatforms) = preSolution
		Debug|Any CPU = Debug|Any CPU
		Release|Any CPU = Release|Any CPU
	EndGlobalSection
	GlobalSection(ProjectConfigurationPlatforms) = postSolution
		{08B97C7A-2E3D-4F87-B922-2D016B87449C}.Debug|Any CPU.ActiveCfg = Debug|Any CPU
		{08B97C7A-2E3D-4F87-B922-2D016B87449C}.Debug|Any CPU.Build.0 = Debug|Any CPU
		{08B97C7A-2E3D-4F87-B922-2D016B87449C}.Release|Any CPU.ActiveCfg = Release|Any CPU
		{08B97C7A-2E3D-4F87-B922-2D016B87449C}.Release|Any CPU.Build.0 = Release|Any CPU
		{18721432-242F-4FA5-BFB9-170A37BF86F0}.Debug|Any CPU.ActiveCfg = Debug|Any CPU
		{18721432-242F-4FA5-BFB9-170A37BF86F0}.Debug|Any CPU.Build.0 = Debug|Any CPU
		{18721432-242F-4FA5-BFB9-170A37BF86F0}.Release|Any CPU.ActiveCfg = Release|Any CPU
		{18721432-242F-4FA5-BFB9-170A37BF86F0}.Release|Any CPU.Build.0 = Release|Any CPU
		{F0DC3362-69AF-4132-A675-E160B0F72356}.Debug|Any CPU.ActiveCfg = Debug|Any CPU
		{F0DC3362-69AF-4132-A675-E160B0F72356}.Debug|Any CPU.Build.0 = Debug|Any CPU
		{F0DC3362-69AF-4132-A675-E160B0F72356}.Release|Any CPU.ActiveCfg = Release|Any CPU
		{F0DC3362-69AF-4132-A675-E160B0F72356}.Release|Any CPU.Build.0 = Release|Any CPU
		{509DE7AA-0A44-46EB-8A5D-C12D79D583F0}.Debug|Any CPU.ActiveCfg = Debug|Any CPU
		{509DE7AA-0A44-46EB-8A5D-C12D79D583F0}.Debug|Any CPU.Build.0 = Debug|Any CPU
		{509DE7AA-0A44-46EB-8A5D-C12D79D583F0}.Release|Any CPU.ActiveCfg = Release|Any CPU
		{509DE7AA-0A44-46EB-8A5D-C12D79D583F0}.Release|Any CPU.Build.0 = Release|Any CPU
	EndGlobalSection
	GlobalSection(SolutionProperties) = preSolution
		HideSolutionNode = FALSE
	EndGlobalSection
	GlobalSection(NestedProjects) = preSolution
		{18721432-242F-4FA5-BFB9-170A37BF86F0} = {98C7F354-FB28-404A-B861-CD7741ED3A93}
		{F0DC3362-69AF-4132-A675-E160B0F72356} = {98C7F354-FB28-404A-B861-CD7741ED3A93}
	EndGlobalSection
	GlobalSection(ExtensibilityGlobals) = postSolution
		SolutionGuid = {D4C5B4A0-071D-452A-B26D-ACF9F3261175}
	EndGlobalSection
EndGlobal
