
Microsoft Visual Studio Solution File, Format Version 12.00
# Visual Studio Version 16
VisualStudioVersion = 16.0.28803.202
MinimumVisualStudioVersion = 10.0.40219.1
Project("{9A19103F-16F7-4668-BE54-9A1E7A4F7556}") = "WikidataGame.Backend", "WikidataGame.Backend\WikidataGame.Backend.csproj", "{08B97C7A-2E3D-4F87-B922-2D016B87449C}"
EndProject
Project("{FAE04EC0-301F-11D3-BF4B-00C04F79EFBC}") = "SPARQLtest", "SPARQLtest\SPARQLtest.csproj", "{6EAE6798-8BE5-40C6-BD91-0CBECD8DA6B9}"
EndProject
Global
	GlobalSection(SolutionConfigurationPlatforms) = preSolution
		Debug|Any CPU = Debug|Any CPU
		Release|Any CPU = Release|Any CPU
	EndGlobalSection
	GlobalSection(ProjectConfigurationPlatforms) = postSolution
		{08B97C7A-2E3D-4F87-B922-2D016B87449C}.Debug|Any CPU.ActiveCfg = Debug|Any CPU
		{08B97C7A-2E3D-4F87-B922-2D016B87449C}.Debug|Any CPU.Build.0 = Debug|Any CPU
		{08B97C7A-2E3D-4F87-B922-2D016B87449C}.Release|Any CPU.ActiveCfg = Release|Any CPU
		{08B97C7A-2E3D-4F87-B922-2D016B87449C}.Release|Any CPU.Build.0 = Release|Any CPU
		{6EAE6798-8BE5-40C6-BD91-0CBECD8DA6B9}.Debug|Any CPU.ActiveCfg = Debug|Any CPU
		{6EAE6798-8BE5-40C6-BD91-0CBECD8DA6B9}.Debug|Any CPU.Build.0 = Debug|Any CPU
		{6EAE6798-8BE5-40C6-BD91-0CBECD8DA6B9}.Release|Any CPU.ActiveCfg = Release|Any CPU
		{6EAE6798-8BE5-40C6-BD91-0CBECD8DA6B9}.Release|Any CPU.Build.0 = Release|Any CPU
	EndGlobalSection
	GlobalSection(SolutionProperties) = preSolution
		HideSolutionNode = FALSE
	EndGlobalSection
	GlobalSection(ExtensibilityGlobals) = postSolution
		SolutionGuid = {D4C5B4A0-071D-452A-B26D-ACF9F3261175}
	EndGlobalSection
EndGlobal
